
Microsoft Visual Studio Solution File, Format Version 12.00
# Visual Studio Version 17
VisualStudioVersion = 17.10.35004.147
MinimumVisualStudioVersion = 10.0.40219.1
Project("{FAE04EC0-301F-11D3-BF4B-00C04F79EFBC}") = "ClinicalTrialsApi", "ClinicalTrialsApi\ClinicalTrialsApi.csproj", "{37CE67E1-64EC-448E-AC95-591A0C60E222}"
EndProject
Project("{E53339B2-1760-4266-BCC7-CA923CBCF16C}") = "docker-compose", "docker-compose.dcproj", "{3EFEA1B0-CC38-44D0-B2FD-449CB92E94CE}"
EndProject
Global
	GlobalSection(SolutionConfigurationPlatforms) = preSolution
		Debug|Any CPU = Debug|Any CPU
		Release|Any CPU = Release|Any CPU
	EndGlobalSection
	GlobalSection(ProjectConfigurationPlatforms) = postSolution
		{37CE67E1-64EC-448E-AC95-591A0C60E222}.Debug|Any CPU.ActiveCfg = Debug|Any CPU
		{37CE67E1-64EC-448E-AC95-591A0C60E222}.Debug|Any CPU.Build.0 = Debug|Any CPU
		{37CE67E1-64EC-448E-AC95-591A0C60E222}.Release|Any CPU.ActiveCfg = Release|Any CPU
		{37CE67E1-64EC-448E-AC95-591A0C60E222}.Release|Any CPU.Build.0 = Release|Any CPU
		{3EFEA1B0-CC38-44D0-B2FD-449CB92E94CE}.Debug|Any CPU.ActiveCfg = Debug|Any CPU
		{3EFEA1B0-CC38-44D0-B2FD-449CB92E94CE}.Debug|Any CPU.Build.0 = Debug|Any CPU
		{3EFEA1B0-CC38-44D0-B2FD-449CB92E94CE}.Release|Any CPU.ActiveCfg = Release|Any CPU
		{3EFEA1B0-CC38-44D0-B2FD-449CB92E94CE}.Release|Any CPU.Build.0 = Release|Any CPU
	EndGlobalSection
	GlobalSection(SolutionProperties) = preSolution
		HideSolutionNode = FALSE
	EndGlobalSection
	GlobalSection(ExtensibilityGlobals) = postSolution
		SolutionGuid = {B2D9A17B-C676-462A-A743-780E5F858C38}
	EndGlobalSection
EndGlobal
